
Microsoft Visual Studio Solution File, Format Version 12.00
# Visual Studio 2012
Project("{2150E333-8FDC-42A3-9474-1A3956D46DE8}") = ".nuget", ".nuget", "{992D9A72-D3C0-43D5-95C0-7030AD69447C}"
	ProjectSection(SolutionItems) = preProject
		.nuget\NuGet.Config = .nuget\NuGet.Config
		.nuget\NuGet.exe = .nuget\NuGet.exe
		.nuget\NuGet.targets = .nuget\NuGet.targets
	EndProjectSection
EndProject
Project("{FAE04EC0-301F-11D3-BF4B-00C04F79EFBC}") = "Zero.Tests", "Zero.Tests\Zero.Tests.csproj", "{CD0E0C98-45F1-49BC-AD18-79443A5FBD56}"
EndProject
Global
	GlobalSection(SolutionConfigurationPlatforms) = preSolution
		Debug|Any CPU = Debug|Any CPU
		Release|Any CPU = Release|Any CPU
	EndGlobalSection
	GlobalSection(ProjectConfigurationPlatforms) = postSolution
		{CD0E0C98-45F1-49BC-AD18-79443A5FBD56}.Debug|Any CPU.ActiveCfg = Debug|Any CPU
		{CD0E0C98-45F1-49BC-AD18-79443A5FBD56}.Debug|Any CPU.Build.0 = Debug|Any CPU
		{CD0E0C98-45F1-49BC-AD18-79443A5FBD56}.Release|Any CPU.ActiveCfg = Release|Any CPU
		{CD0E0C98-45F1-49BC-AD18-79443A5FBD56}.Release|Any CPU.Build.0 = Release|Any CPU
	EndGlobalSection
	GlobalSection(SolutionProperties) = preSolution
		HideSolutionNode = FALSE
	EndGlobalSection
EndGlobal
